
Microsoft Visual Studio Solution File, Format Version 12.00
# Visual Studio Version 16
VisualStudioVersion = 16.0.31702.278
MinimumVisualStudioVersion = 10.0.40219.1
Project("{FAE04EC0-301F-11D3-BF4B-00C04F79EFBC}") = "EducacionEnCasa", "EducacionEnCasa\EducacionEnCasa.csproj", "{B4C063B3-C017-4A6E-8703-5BEBF2A212E5}"
EndProject
Global
	GlobalSection(SolutionConfigurationPlatforms) = preSolution
		Debug|Any CPU = Debug|Any CPU
		Release|Any CPU = Release|Any CPU
	EndGlobalSection
	GlobalSection(ProjectConfigurationPlatforms) = postSolution
		{B4C063B3-C017-4A6E-8703-5BEBF2A212E5}.Debug|Any CPU.ActiveCfg = Debug|Any CPU
		{B4C063B3-C017-4A6E-8703-5BEBF2A212E5}.Debug|Any CPU.Build.0 = Debug|Any CPU
		{B4C063B3-C017-4A6E-8703-5BEBF2A212E5}.Release|Any CPU.ActiveCfg = Release|Any CPU
		{B4C063B3-C017-4A6E-8703-5BEBF2A212E5}.Release|Any CPU.Build.0 = Release|Any CPU
	EndGlobalSection
	GlobalSection(SolutionProperties) = preSolution
		HideSolutionNode = FALSE
	EndGlobalSection
	GlobalSection(ExtensibilityGlobals) = postSolution
		SolutionGuid = {43038C05-54CF-4A0A-AAB8-42B620835926}
	EndGlobalSection
EndGlobal
